
Microsoft Visual Studio Solution File, Format Version 12.00
# Visual Studio 15
VisualStudioVersion = 15.0.27004.2002
MinimumVisualStudioVersion = 10.0.40219.1
Project("{2150E333-8FDC-42A3-9474-1A3956D46DE8}") = "src", "src", "{341C699C-8941-4F47-BD21-77F1903A8BB8}"
EndProject
Project("{9A19103F-16F7-4668-BE54-9A1E7A4F7556}") = "ZDebug.Core", "src\ZDebug.Core\ZDebug.Core.csproj", "{B3904719-82C6-4C2C-8E91-F3B7E54D69D5}"
EndProject
Project("{9A19103F-16F7-4668-BE54-9A1E7A4F7556}") = "ZDebug.Compiler", "src\ZDebug.Compiler\ZDebug.Compiler.csproj", "{71C7F7AE-463B-4D0E-9E30-9F0D5287B2D0}"
EndProject
Project("{9A19103F-16F7-4668-BE54-9A1E7A4F7556}") = "ZDebug.IO", "src\ZDebug.IO\ZDebug.IO.csproj", "{0FE2551C-3E97-458A-B194-926F69CB2A9B}"
EndProject
Project("{9A19103F-16F7-4668-BE54-9A1E7A4F7556}") = "ZDebug.UI.Core", "src\ZDebug.UI.Core\ZDebug.UI.Core.csproj", "{3293C725-C2F5-4D8F-9EF9-C714373B6372}"
EndProject
Project("{9A19103F-16F7-4668-BE54-9A1E7A4F7556}") = "ZDebug.UI", "src\ZDebug.UI\ZDebug.UI.csproj", "{3003F32E-9524-4344-AA95-F3BC0C2ED8EA}"
EndProject
Project("{9A19103F-16F7-4668-BE54-9A1E7A4F7556}") = "ZDebug.PerfHarness", "src\ZDebug.PerfHarness\ZDebug.PerfHarness.csproj", "{6D243B4C-C71E-4F08-BB63-654B25ACABB9}"
EndProject
Project("{9A19103F-16F7-4668-BE54-9A1E7A4F7556}") = "ZDebug.Terp", "src\ZDebug.Terp\ZDebug.Terp.csproj", "{BE985313-DE39-4A97-89C9-89E5221641F6}"
EndProject
Project("{2150E333-8FDC-42A3-9474-1A3956D46DE8}") = "tests", "tests", "{790DFF51-E565-4A7C-B58C-8F2C082F05C0}"
EndProject
Project("{9A19103F-16F7-4668-BE54-9A1E7A4F7556}") = "ZDebug.Core.Tests", "tests\ZDebug.Core.Tests\ZDebug.Core.Tests.csproj", "{C384AF1A-D47A-4CEE-BEE1-DA3453124ADA}"
EndProject
Project("{9A19103F-16F7-4668-BE54-9A1E7A4F7556}") = "ZDebug.Compiler.Tests", "tests\ZDebug.Compiler.Tests\ZDebug.Compiler.Tests.csproj", "{09C25043-CC07-4BA2-BBB2-8A2608112C3E}"
EndProject
Project("{2150E333-8FDC-42A3-9474-1A3956D46DE8}") = "build", "build", "{BCDF2537-3726-4EF5-8758-82827DE5F539}"
	ProjectSection(SolutionItems) = preProject
		build\Packages.props = build\Packages.props
		build\Settings.props = build\Settings.props
	EndProjectSection
EndProject
Global
	GlobalSection(SolutionConfigurationPlatforms) = preSolution
		Debug|Any CPU = Debug|Any CPU
		Release|Any CPU = Release|Any CPU
	EndGlobalSection
	GlobalSection(ProjectConfigurationPlatforms) = postSolution
		{B3904719-82C6-4C2C-8E91-F3B7E54D69D5}.Debug|Any CPU.ActiveCfg = Debug|Any CPU
		{B3904719-82C6-4C2C-8E91-F3B7E54D69D5}.Debug|Any CPU.Build.0 = Debug|Any CPU
		{B3904719-82C6-4C2C-8E91-F3B7E54D69D5}.Release|Any CPU.ActiveCfg = Release|Any CPU
		{B3904719-82C6-4C2C-8E91-F3B7E54D69D5}.Release|Any CPU.Build.0 = Release|Any CPU
		{71C7F7AE-463B-4D0E-9E30-9F0D5287B2D0}.Debug|Any CPU.ActiveCfg = Debug|Any CPU
		{71C7F7AE-463B-4D0E-9E30-9F0D5287B2D0}.Debug|Any CPU.Build.0 = Debug|Any CPU
		{71C7F7AE-463B-4D0E-9E30-9F0D5287B2D0}.Release|Any CPU.ActiveCfg = Release|Any CPU
		{71C7F7AE-463B-4D0E-9E30-9F0D5287B2D0}.Release|Any CPU.Build.0 = Release|Any CPU
		{0FE2551C-3E97-458A-B194-926F69CB2A9B}.Debug|Any CPU.ActiveCfg = Debug|Any CPU
		{0FE2551C-3E97-458A-B194-926F69CB2A9B}.Debug|Any CPU.Build.0 = Debug|Any CPU
		{0FE2551C-3E97-458A-B194-926F69CB2A9B}.Release|Any CPU.ActiveCfg = Release|Any CPU
		{0FE2551C-3E97-458A-B194-926F69CB2A9B}.Release|Any CPU.Build.0 = Release|Any CPU
		{3293C725-C2F5-4D8F-9EF9-C714373B6372}.Debug|Any CPU.ActiveCfg = Debug|Any CPU
		{3293C725-C2F5-4D8F-9EF9-C714373B6372}.Debug|Any CPU.Build.0 = Debug|Any CPU
		{3293C725-C2F5-4D8F-9EF9-C714373B6372}.Release|Any CPU.ActiveCfg = Release|Any CPU
		{3293C725-C2F5-4D8F-9EF9-C714373B6372}.Release|Any CPU.Build.0 = Release|Any CPU
		{3003F32E-9524-4344-AA95-F3BC0C2ED8EA}.Debug|Any CPU.ActiveCfg = Debug|Any CPU
		{3003F32E-9524-4344-AA95-F3BC0C2ED8EA}.Debug|Any CPU.Build.0 = Debug|Any CPU
		{3003F32E-9524-4344-AA95-F3BC0C2ED8EA}.Release|Any CPU.ActiveCfg = Release|Any CPU
		{3003F32E-9524-4344-AA95-F3BC0C2ED8EA}.Release|Any CPU.Build.0 = Release|Any CPU
		{6D243B4C-C71E-4F08-BB63-654B25ACABB9}.Debug|Any CPU.ActiveCfg = Debug|Any CPU
		{6D243B4C-C71E-4F08-BB63-654B25ACABB9}.Debug|Any CPU.Build.0 = Debug|Any CPU
		{6D243B4C-C71E-4F08-BB63-654B25ACABB9}.Release|Any CPU.ActiveCfg = Release|Any CPU
		{6D243B4C-C71E-4F08-BB63-654B25ACABB9}.Release|Any CPU.Build.0 = Release|Any CPU
		{BE985313-DE39-4A97-89C9-89E5221641F6}.Debug|Any CPU.ActiveCfg = Debug|Any CPU
		{BE985313-DE39-4A97-89C9-89E5221641F6}.Debug|Any CPU.Build.0 = Debug|Any CPU
		{BE985313-DE39-4A97-89C9-89E5221641F6}.Release|Any CPU.ActiveCfg = Release|Any CPU
		{BE985313-DE39-4A97-89C9-89E5221641F6}.Release|Any CPU.Build.0 = Release|Any CPU
		{C384AF1A-D47A-4CEE-BEE1-DA3453124ADA}.Debug|Any CPU.ActiveCfg = Debug|Any CPU
		{C384AF1A-D47A-4CEE-BEE1-DA3453124ADA}.Debug|Any CPU.Build.0 = Debug|Any CPU
		{C384AF1A-D47A-4CEE-BEE1-DA3453124ADA}.Release|Any CPU.ActiveCfg = Release|Any CPU
		{C384AF1A-D47A-4CEE-BEE1-DA3453124ADA}.Release|Any CPU.Build.0 = Release|Any CPU
		{09C25043-CC07-4BA2-BBB2-8A2608112C3E}.Debug|Any CPU.ActiveCfg = Debug|Any CPU
		{09C25043-CC07-4BA2-BBB2-8A2608112C3E}.Debug|Any CPU.Build.0 = Debug|Any CPU
		{09C25043-CC07-4BA2-BBB2-8A2608112C3E}.Release|Any CPU.ActiveCfg = Release|Any CPU
		{09C25043-CC07-4BA2-BBB2-8A2608112C3E}.Release|Any CPU.Build.0 = Release|Any CPU
	EndGlobalSection
	GlobalSection(SolutionProperties) = preSolution
		HideSolutionNode = FALSE
	EndGlobalSection
	GlobalSection(NestedProjects) = preSolution
		{B3904719-82C6-4C2C-8E91-F3B7E54D69D5} = {341C699C-8941-4F47-BD21-77F1903A8BB8}
		{71C7F7AE-463B-4D0E-9E30-9F0D5287B2D0} = {341C699C-8941-4F47-BD21-77F1903A8BB8}
		{0FE2551C-3E97-458A-B194-926F69CB2A9B} = {341C699C-8941-4F47-BD21-77F1903A8BB8}
		{3293C725-C2F5-4D8F-9EF9-C714373B6372} = {341C699C-8941-4F47-BD21-77F1903A8BB8}
		{3003F32E-9524-4344-AA95-F3BC0C2ED8EA} = {341C699C-8941-4F47-BD21-77F1903A8BB8}
		{6D243B4C-C71E-4F08-BB63-654B25ACABB9} = {341C699C-8941-4F47-BD21-77F1903A8BB8}
		{BE985313-DE39-4A97-89C9-89E5221641F6} = {341C699C-8941-4F47-BD21-77F1903A8BB8}
		{C384AF1A-D47A-4CEE-BEE1-DA3453124ADA} = {790DFF51-E565-4A7C-B58C-8F2C082F05C0}
		{09C25043-CC07-4BA2-BBB2-8A2608112C3E} = {790DFF51-E565-4A7C-B58C-8F2C082F05C0}
	EndGlobalSection
	GlobalSection(ExtensibilityGlobals) = postSolution
		SolutionGuid = {D55D87F7-B926-4D1E-960A-5643018ACEBB}
	EndGlobalSection
EndGlobal
