
Microsoft Visual Studio Solution File, Format Version 11.00
# Visual Studio 2010
Project("{FAE04EC0-301F-11D3-BF4B-00C04F79EFBC}") = "ZDebug.Core", "ZDebug.Core\ZDebug.Core.csproj", "{9484E092-64EF-4BA7-A495-77D19E04D7D2}"
EndProject
Project("{FAE04EC0-301F-11D3-BF4B-00C04F79EFBC}") = "ZDebug.Core.Tests", "ZDebug.Core.Tests\ZDebug.Core.Tests.csproj", "{4DAFB710-D538-445A-AFC0-F1427929685F}"
EndProject
Project("{FAE04EC0-301F-11D3-BF4B-00C04F79EFBC}") = "ZDebug.UI", "ZDebug.UI\ZDebug.UI.csproj", "{9B581B80-70F8-4282-B95F-62CAC3DD5406}"
EndProject
Project("{FAE04EC0-301F-11D3-BF4B-00C04F79EFBC}") = "ZDebug.IO", "ZDebug.IO\ZDebug.IO.csproj", "{FC9F549C-C2F5-4C80-A899-D08610181448}"
EndProject
Project("{FAE04EC0-301F-11D3-BF4B-00C04F79EFBC}") = "ZDebug.PerfHarness", "ZDebug.PerfHarness\ZDebug.PerfHarness.csproj", "{95AD99AF-656F-47AB-AB63-42E58773A113}"
EndProject
Project("{FAE04EC0-301F-11D3-BF4B-00C04F79EFBC}") = "ZDebug.Compiler", "ZDebug.Compiler\ZDebug.Compiler.csproj", "{5438592A-B978-4817-9C92-F91125FECEC2}"
EndProject
Project("{FAE04EC0-301F-11D3-BF4B-00C04F79EFBC}") = "ZDebug.Compiler.Tests", "ZDebug.Compiler.Tests\ZDebug.Compiler.Tests.csproj", "{D7A48791-7DEB-4C1E-B939-53313D9D839F}"
EndProject
Project("{FAE04EC0-301F-11D3-BF4B-00C04F79EFBC}") = "ZDebug.Terp", "ZDebug.Terp\ZDebug.Terp.csproj", "{7E58D48E-4D5B-4921-91CA-97C1B2D88BCE}"
EndProject
Project("{FAE04EC0-301F-11D3-BF4B-00C04F79EFBC}") = "ZDebug.UI.Core", "ZDebug.UI.Core\ZDebug.UI.Core.csproj", "{36EDDC65-AC05-450E-9029-D7297614A8E3}"
EndProject
Global
	GlobalSection(SolutionConfigurationPlatforms) = preSolution
		Debug|Any CPU = Debug|Any CPU
		Debug|Mixed Platforms = Debug|Mixed Platforms
		Debug|x86 = Debug|x86
		Release|Any CPU = Release|Any CPU
		Release|Mixed Platforms = Release|Mixed Platforms
		Release|x86 = Release|x86
	EndGlobalSection
	GlobalSection(ProjectConfigurationPlatforms) = postSolution
		{9484E092-64EF-4BA7-A495-77D19E04D7D2}.Debug|Any CPU.ActiveCfg = Debug|Any CPU
		{9484E092-64EF-4BA7-A495-77D19E04D7D2}.Debug|Any CPU.Build.0 = Debug|Any CPU
		{9484E092-64EF-4BA7-A495-77D19E04D7D2}.Debug|Mixed Platforms.ActiveCfg = Debug|Any CPU
		{9484E092-64EF-4BA7-A495-77D19E04D7D2}.Debug|Mixed Platforms.Build.0 = Debug|Any CPU
		{9484E092-64EF-4BA7-A495-77D19E04D7D2}.Debug|x86.ActiveCfg = Debug|Any CPU
		{9484E092-64EF-4BA7-A495-77D19E04D7D2}.Release|Any CPU.ActiveCfg = Release|Any CPU
		{9484E092-64EF-4BA7-A495-77D19E04D7D2}.Release|Any CPU.Build.0 = Release|Any CPU
		{9484E092-64EF-4BA7-A495-77D19E04D7D2}.Release|Mixed Platforms.ActiveCfg = Release|Any CPU
		{9484E092-64EF-4BA7-A495-77D19E04D7D2}.Release|Mixed Platforms.Build.0 = Release|Any CPU
		{9484E092-64EF-4BA7-A495-77D19E04D7D2}.Release|x86.ActiveCfg = Release|Any CPU
		{4DAFB710-D538-445A-AFC0-F1427929685F}.Debug|Any CPU.ActiveCfg = Debug|Any CPU
		{4DAFB710-D538-445A-AFC0-F1427929685F}.Debug|Any CPU.Build.0 = Debug|Any CPU
		{4DAFB710-D538-445A-AFC0-F1427929685F}.Debug|Mixed Platforms.ActiveCfg = Debug|Any CPU
		{4DAFB710-D538-445A-AFC0-F1427929685F}.Debug|Mixed Platforms.Build.0 = Debug|Any CPU
		{4DAFB710-D538-445A-AFC0-F1427929685F}.Debug|x86.ActiveCfg = Debug|Any CPU
		{4DAFB710-D538-445A-AFC0-F1427929685F}.Release|Any CPU.ActiveCfg = Release|Any CPU
		{4DAFB710-D538-445A-AFC0-F1427929685F}.Release|Any CPU.Build.0 = Release|Any CPU
		{4DAFB710-D538-445A-AFC0-F1427929685F}.Release|Mixed Platforms.ActiveCfg = Release|Any CPU
		{4DAFB710-D538-445A-AFC0-F1427929685F}.Release|Mixed Platforms.Build.0 = Release|Any CPU
		{4DAFB710-D538-445A-AFC0-F1427929685F}.Release|x86.ActiveCfg = Release|Any CPU
		{9B581B80-70F8-4282-B95F-62CAC3DD5406}.Debug|Any CPU.ActiveCfg = Debug|x86
		{9B581B80-70F8-4282-B95F-62CAC3DD5406}.Debug|Mixed Platforms.ActiveCfg = Debug|x86
		{9B581B80-70F8-4282-B95F-62CAC3DD5406}.Debug|Mixed Platforms.Build.0 = Debug|x86
		{9B581B80-70F8-4282-B95F-62CAC3DD5406}.Debug|x86.ActiveCfg = Debug|x86
		{9B581B80-70F8-4282-B95F-62CAC3DD5406}.Debug|x86.Build.0 = Debug|x86
		{9B581B80-70F8-4282-B95F-62CAC3DD5406}.Release|Any CPU.ActiveCfg = Release|x86
		{9B581B80-70F8-4282-B95F-62CAC3DD5406}.Release|Mixed Platforms.ActiveCfg = Release|x86
		{9B581B80-70F8-4282-B95F-62CAC3DD5406}.Release|Mixed Platforms.Build.0 = Release|x86
		{9B581B80-70F8-4282-B95F-62CAC3DD5406}.Release|x86.ActiveCfg = Release|x86
		{9B581B80-70F8-4282-B95F-62CAC3DD5406}.Release|x86.Build.0 = Release|x86
		{FC9F549C-C2F5-4C80-A899-D08610181448}.Debug|Any CPU.ActiveCfg = Debug|Any CPU
		{FC9F549C-C2F5-4C80-A899-D08610181448}.Debug|Any CPU.Build.0 = Debug|Any CPU
		{FC9F549C-C2F5-4C80-A899-D08610181448}.Debug|Mixed Platforms.ActiveCfg = Debug|Any CPU
		{FC9F549C-C2F5-4C80-A899-D08610181448}.Debug|Mixed Platforms.Build.0 = Debug|Any CPU
		{FC9F549C-C2F5-4C80-A899-D08610181448}.Debug|x86.ActiveCfg = Debug|Any CPU
		{FC9F549C-C2F5-4C80-A899-D08610181448}.Release|Any CPU.ActiveCfg = Release|Any CPU
		{FC9F549C-C2F5-4C80-A899-D08610181448}.Release|Any CPU.Build.0 = Release|Any CPU
		{FC9F549C-C2F5-4C80-A899-D08610181448}.Release|Mixed Platforms.ActiveCfg = Release|Any CPU
		{FC9F549C-C2F5-4C80-A899-D08610181448}.Release|Mixed Platforms.Build.0 = Release|Any CPU
		{FC9F549C-C2F5-4C80-A899-D08610181448}.Release|x86.ActiveCfg = Release|Any CPU
		{95AD99AF-656F-47AB-AB63-42E58773A113}.Debug|Any CPU.ActiveCfg = Debug|x86
		{95AD99AF-656F-47AB-AB63-42E58773A113}.Debug|Mixed Platforms.ActiveCfg = Debug|x86
		{95AD99AF-656F-47AB-AB63-42E58773A113}.Debug|Mixed Platforms.Build.0 = Debug|x86
		{95AD99AF-656F-47AB-AB63-42E58773A113}.Debug|x86.ActiveCfg = Debug|x86
		{95AD99AF-656F-47AB-AB63-42E58773A113}.Debug|x86.Build.0 = Debug|x86
		{95AD99AF-656F-47AB-AB63-42E58773A113}.Release|Any CPU.ActiveCfg = Release|x86
		{95AD99AF-656F-47AB-AB63-42E58773A113}.Release|Mixed Platforms.ActiveCfg = Release|x86
		{95AD99AF-656F-47AB-AB63-42E58773A113}.Release|Mixed Platforms.Build.0 = Release|x86
		{95AD99AF-656F-47AB-AB63-42E58773A113}.Release|x86.ActiveCfg = Release|x86
		{95AD99AF-656F-47AB-AB63-42E58773A113}.Release|x86.Build.0 = Release|x86
		{5438592A-B978-4817-9C92-F91125FECEC2}.Debug|Any CPU.ActiveCfg = Debug|Any CPU
		{5438592A-B978-4817-9C92-F91125FECEC2}.Debug|Any CPU.Build.0 = Debug|Any CPU
		{5438592A-B978-4817-9C92-F91125FECEC2}.Debug|Mixed Platforms.ActiveCfg = Debug|Any CPU
		{5438592A-B978-4817-9C92-F91125FECEC2}.Debug|Mixed Platforms.Build.0 = Debug|Any CPU
		{5438592A-B978-4817-9C92-F91125FECEC2}.Debug|x86.ActiveCfg = Debug|Any CPU
		{5438592A-B978-4817-9C92-F91125FECEC2}.Release|Any CPU.ActiveCfg = Release|Any CPU
		{5438592A-B978-4817-9C92-F91125FECEC2}.Release|Any CPU.Build.0 = Release|Any CPU
		{5438592A-B978-4817-9C92-F91125FECEC2}.Release|Mixed Platforms.ActiveCfg = Release|Any CPU
		{5438592A-B978-4817-9C92-F91125FECEC2}.Release|Mixed Platforms.Build.0 = Release|Any CPU
		{5438592A-B978-4817-9C92-F91125FECEC2}.Release|x86.ActiveCfg = Release|Any CPU
		{D7A48791-7DEB-4C1E-B939-53313D9D839F}.Debug|Any CPU.ActiveCfg = Debug|Any CPU
		{D7A48791-7DEB-4C1E-B939-53313D9D839F}.Debug|Any CPU.Build.0 = Debug|Any CPU
		{D7A48791-7DEB-4C1E-B939-53313D9D839F}.Debug|Mixed Platforms.ActiveCfg = Debug|Any CPU
		{D7A48791-7DEB-4C1E-B939-53313D9D839F}.Debug|Mixed Platforms.Build.0 = Debug|Any CPU
		{D7A48791-7DEB-4C1E-B939-53313D9D839F}.Debug|x86.ActiveCfg = Debug|Any CPU
		{D7A48791-7DEB-4C1E-B939-53313D9D839F}.Release|Any CPU.ActiveCfg = Release|Any CPU
		{D7A48791-7DEB-4C1E-B939-53313D9D839F}.Release|Any CPU.Build.0 = Release|Any CPU
		{D7A48791-7DEB-4C1E-B939-53313D9D839F}.Release|Mixed Platforms.ActiveCfg = Release|Any CPU
		{D7A48791-7DEB-4C1E-B939-53313D9D839F}.Release|Mixed Platforms.Build.0 = Release|Any CPU
		{D7A48791-7DEB-4C1E-B939-53313D9D839F}.Release|x86.ActiveCfg = Release|Any CPU
		{7E58D48E-4D5B-4921-91CA-97C1B2D88BCE}.Debug|Any CPU.ActiveCfg = Debug|x86
		{7E58D48E-4D5B-4921-91CA-97C1B2D88BCE}.Debug|Mixed Platforms.ActiveCfg = Debug|x86
		{7E58D48E-4D5B-4921-91CA-97C1B2D88BCE}.Debug|Mixed Platforms.Build.0 = Debug|x86
		{7E58D48E-4D5B-4921-91CA-97C1B2D88BCE}.Debug|x86.ActiveCfg = Debug|x86
		{7E58D48E-4D5B-4921-91CA-97C1B2D88BCE}.Debug|x86.Build.0 = Debug|x86
		{7E58D48E-4D5B-4921-91CA-97C1B2D88BCE}.Release|Any CPU.ActiveCfg = Release|x86
		{7E58D48E-4D5B-4921-91CA-97C1B2D88BCE}.Release|Mixed Platforms.ActiveCfg = Release|x86
		{7E58D48E-4D5B-4921-91CA-97C1B2D88BCE}.Release|Mixed Platforms.Build.0 = Release|x86
		{7E58D48E-4D5B-4921-91CA-97C1B2D88BCE}.Release|x86.ActiveCfg = Release|x86
		{7E58D48E-4D5B-4921-91CA-97C1B2D88BCE}.Release|x86.Build.0 = Release|x86
		{36EDDC65-AC05-450E-9029-D7297614A8E3}.Debug|Any CPU.ActiveCfg = Debug|Any CPU
		{36EDDC65-AC05-450E-9029-D7297614A8E3}.Debug|Any CPU.Build.0 = Debug|Any CPU
		{36EDDC65-AC05-450E-9029-D7297614A8E3}.Debug|Mixed Platforms.ActiveCfg = Debug|Any CPU
		{36EDDC65-AC05-450E-9029-D7297614A8E3}.Debug|Mixed Platforms.Build.0 = Debug|Any CPU
		{36EDDC65-AC05-450E-9029-D7297614A8E3}.Debug|x86.ActiveCfg = Debug|Any CPU
		{36EDDC65-AC05-450E-9029-D7297614A8E3}.Release|Any CPU.ActiveCfg = Release|Any CPU
		{36EDDC65-AC05-450E-9029-D7297614A8E3}.Release|Any CPU.Build.0 = Release|Any CPU
		{36EDDC65-AC05-450E-9029-D7297614A8E3}.Release|Mixed Platforms.ActiveCfg = Release|Any CPU
		{36EDDC65-AC05-450E-9029-D7297614A8E3}.Release|Mixed Platforms.Build.0 = Release|Any CPU
		{36EDDC65-AC05-450E-9029-D7297614A8E3}.Release|x86.ActiveCfg = Release|Any CPU
	EndGlobalSection
	GlobalSection(SolutionProperties) = preSolution
		HideSolutionNode = FALSE
	EndGlobalSection
EndGlobal
